
Microsoft Visual Studio Solution File, Format Version 12.00
# Visual Studio 15
VisualStudioVersion = 15.0.28307.438
MinimumVisualStudioVersion = 10.0.40219.1
Project("{FAE04EC0-301F-11D3-BF4B-00C04F79EFBC}") = "MSTeams-Karma", "MSTeams-Karma\MSTeams-Karma.csproj", "{3FE3071F-03E2-4788-997A-5E9AFC42A9E9}"
EndProject
Project("{FAE04EC0-301F-11D3-BF4B-00C04F79EFBC}") = "MSTeams-Karma.Tests", "MSTeams-Karma.Tests\MSTeams-Karma.Tests.csproj", "{7026D223-447E-4A43-878E-C90A60A2A027}"
EndProject
Global
	GlobalSection(SolutionConfigurationPlatforms) = preSolution
		Debug|Any CPU = Debug|Any CPU
		Release|Any CPU = Release|Any CPU
	EndGlobalSection
	GlobalSection(ProjectConfigurationPlatforms) = postSolution
		{3FE3071F-03E2-4788-997A-5E9AFC42A9E9}.Debug|Any CPU.ActiveCfg = Debug|Any CPU
		{3FE3071F-03E2-4788-997A-5E9AFC42A9E9}.Debug|Any CPU.Build.0 = Debug|Any CPU
		{3FE3071F-03E2-4788-997A-5E9AFC42A9E9}.Release|Any CPU.ActiveCfg = Release|Any CPU
		{3FE3071F-03E2-4788-997A-5E9AFC42A9E9}.Release|Any CPU.Build.0 = Release|Any CPU
		{7026D223-447E-4A43-878E-C90A60A2A027}.Debug|Any CPU.ActiveCfg = Debug|Any CPU
		{7026D223-447E-4A43-878E-C90A60A2A027}.Debug|Any CPU.Build.0 = Debug|Any CPU
		{7026D223-447E-4A43-878E-C90A60A2A027}.Release|Any CPU.ActiveCfg = Release|Any CPU
		{7026D223-447E-4A43-878E-C90A60A2A027}.Release|Any CPU.Build.0 = Release|Any CPU
	EndGlobalSection
	GlobalSection(SolutionProperties) = preSolution
		HideSolutionNode = FALSE
	EndGlobalSection
	GlobalSection(ExtensibilityGlobals) = postSolution
		SolutionGuid = {037E0C24-2DDE-457A-A3AC-924DD7F92D07}
	EndGlobalSection
EndGlobal
